// !$*UTF8*$!
{
	archiveVersion = 1;
	classes = {
	};
	objectVersion = 50;
	objects = {

/* Begin PBXBuildFile section */
		4193B4102698D62F000FEFC1 /* HabitTrackApp.swift in Sources */ = {isa = PBXBuildFile; fileRef = 4193B40F2698D62F000FEFC1 /* HabitTrackApp.swift */; };
		4193B4122698D62F000FEFC1 /* ContentView.swift in Sources */ = {isa = PBXBuildFile; fileRef = 4193B4112698D62F000FEFC1 /* ContentView.swift */; };
		4193B4142698D630000FEFC1 /* Assets.xcassets in Resources */ = {isa = PBXBuildFile; fileRef = 4193B4132698D630000FEFC1 /* Assets.xcassets */; };
		4193B4172698D630000FEFC1 /* Preview Assets.xcassets in Resources */ = {isa = PBXBuildFile; fileRef = 4193B4162698D630000FEFC1 /* Preview Assets.xcassets */; };
		4193B41F2698D6B1000FEFC1 /* Activity.swift in Sources */ = {isa = PBXBuildFile; fileRef = 4193B41E2698D6B1000FEFC1 /* Activity.swift */; };
		4193B4212698FDD2000FEFC1 /* NewActivity.swift in Sources */ = {isa = PBXBuildFile; fileRef = 4193B4202698FDD2000FEFC1 /* NewActivity.swift */; };
		41E9E7702699416B004CC725 /* ActivityView.swift in Sources */ = {isa = PBXBuildFile; fileRef = 41E9E76F2699416B004CC725 /* ActivityView.swift */; };
/* End PBXBuildFile section */

/* Begin PBXFileReference section */
		4193B40C2698D62F000FEFC1 /* HabitTrack.app */ = {isa = PBXFileReference; explicitFileType = wrapper.application; includeInIndex = 0; path = HabitTrack.app; sourceTree = BUILT_PRODUCTS_DIR; };
		4193B40F2698D62F000FEFC1 /* HabitTrackApp.swift */ = {isa = PBXFileReference; lastKnownFileType = sourcecode.swift; path = HabitTrackApp.swift; sourceTree = "<group>"; };
		4193B4112698D62F000FEFC1 /* ContentView.swift */ = {isa = PBXFileReference; lastKnownFileType = sourcecode.swift; path = ContentView.swift; sourceTree = "<group>"; };
		4193B4132698D630000FEFC1 /* Assets.xcassets */ = {isa = PBXFileReference; lastKnownFileType = folder.assetcatalog; path = Assets.xcassets; sourceTree = "<group>"; };
		4193B4162698D630000FEFC1 /* Preview Assets.xcassets */ = {isa = PBXFileReference; lastKnownFileType = folder.assetcatalog; path = "Preview Assets.xcassets"; sourceTree = "<group>"; };
		4193B4182698D630000FEFC1 /* Info.plist */ = {isa = PBXFileReference; lastKnownFileType = text.plist.xml; path = Info.plist; sourceTree = "<group>"; };
		4193B41E2698D6B1000FEFC1 /* Activity.swift */ = {isa = PBXFileReference; lastKnownFileType = sourcecode.swift; path = Activity.swift; sourceTree = "<group>"; };
		4193B4202698FDD2000FEFC1 /* NewActivity.swift */ = {isa = PBXFileReference; lastKnownFileType = sourcecode.swift; path = NewActivity.swift; sourceTree = "<group>"; };
		41E9E76F2699416B004CC725 /* ActivityView.swift */ = {isa = PBXFileReference; lastKnownFileType = sourcecode.swift; path = ActivityView.swift; sourceTree = "<group>"; };
/* End PBXFileReference section */

/* Begin PBXFrameworksBuildPhase section */
		4193B4092698D62F000FEFC1 /* Frameworks */ = {
			isa = PBXFrameworksBuildPhase;
			buildActionMask = 2147483647;
			files = (
			);
			runOnlyForDeploymentPostprocessing = 0;
		};
/* End PBXFrameworksBuildPhase section */

/* Begin PBXGroup section */
		4193B4032698D62F000FEFC1 = {
			isa = PBXGroup;
			children = (
				4193B40E2698D62F000FEFC1 /* HabitTrack */,
				4193B40D2698D62F000FEFC1 /* Products */,
			);
			sourceTree = "<group>";
		};
		4193B40D2698D62F000FEFC1 /* Products */ = {
			isa = PBXGroup;
			children = (
				4193B40C2698D62F000FEFC1 /* HabitTrack.app */,
			);
			name = Products;
			sourceTree = "<group>";
		};
		4193B40E2698D62F000FEFC1 /* HabitTrack */ = {
			isa = PBXGroup;
			children = (
				4193B40F2698D62F000FEFC1 /* HabitTrackApp.swift */,
				4193B4112698D62F000FEFC1 /* ContentView.swift */,
				41E9E76F2699416B004CC725 /* ActivityView.swift */,
				4193B4202698FDD2000FEFC1 /* NewActivity.swift */,
				4193B41E2698D6B1000FEFC1 /* Activity.swift */,
				4193B4132698D630000FEFC1 /* Assets.xcassets */,
				4193B4182698D630000FEFC1 /* Info.plist */,
				4193B4152698D630000FEFC1 /* Preview Content */,
			);
			path = HabitTrack;
			sourceTree = "<group>";
		};
		4193B4152698D630000FEFC1 /* Preview Content */ = {
			isa = PBXGroup;
			children = (
				4193B4162698D630000FEFC1 /* Preview Assets.xcassets */,
			);
			path = "Preview Content";
			sourceTree = "<group>";
		};
/* End PBXGroup section */

/* Begin PBXNativeTarget section */
		4193B40B2698D62F000FEFC1 /* HabitTrack */ = {
			isa = PBXNativeTarget;
			buildConfigurationList = 4193B41B2698D630000FEFC1 /* Build configuration list for PBXNativeTarget "HabitTrack" */;
			buildPhases = (
				4193B4082698D62F000FEFC1 /* Sources */,
				4193B4092698D62F000FEFC1 /* Frameworks */,
				4193B40A2698D62F000FEFC1 /* Resources */,
			);
			buildRules = (
			);
			dependencies = (
			);
			name = HabitTrack;
			productName = HabitTrack;
			productReference = 4193B40C2698D62F000FEFC1 /* HabitTrack.app */;
			productType = "com.apple.product-type.application";
		};
/* End PBXNativeTarget section */

/* Begin PBXProject section */
		4193B4042698D62F000FEFC1 /* Project object */ = {
			isa = PBXProject;
			attributes = {
				LastSwiftUpdateCheck = 1250;
				LastUpgradeCheck = 1250;
				TargetAttributes = {
					4193B40B2698D62F000FEFC1 = {
						CreatedOnToolsVersion = 12.5.1;
					};
				};
			};
			buildConfigurationList = 4193B4072698D62F000FEFC1 /* Build configuration list for PBXProject "HabitTrack" */;
			compatibilityVersion = "Xcode 9.3";
			developmentRegion = en;
			hasScannedForEncodings = 0;
			knownRegions = (
				en,
				Base,
			);
			mainGroup = 4193B4032698D62F000FEFC1;
			productRefGroup = 4193B40D2698D62F000FEFC1 /* Products */;
			projectDirPath = "";
			projectRoot = "";
			targets = (
				4193B40B2698D62F000FEFC1 /* HabitTrack */,
			);
		};
/* End PBXProject section */

/* Begin PBXResourcesBuildPhase section */
		4193B40A2698D62F000FEFC1 /* Resources */ = {
			isa = PBXResourcesBuildPhase;
			buildActionMask = 2147483647;
			files = (
				4193B4172698D630000FEFC1 /* Preview Assets.xcassets in Resources */,
				4193B4142698D630000FEFC1 /* Assets.xcassets in Resources */,
			);
			runOnlyForDeploymentPostprocessing = 0;
		};
/* End PBXResourcesBuildPhase section */

/* Begin PBXSourcesBuildPhase section */
		4193B4082698D62F000FEFC1 /* Sources */ = {
			isa = PBXSourcesBuildPhase;
			buildActionMask = 2147483647;
			files = (
				4193B41F2698D6B1000FEFC1 /* Activity.swift in Sources */,
				4193B4122698D62F000FEFC1 /* ContentView.swift in Sources */,
				4193B4102698D62F000FEFC1 /* HabitTrackApp.swift in Sources */,
				41E9E7702699416B004CC725 /* ActivityView.swift in Sources */,
				4193B4212698FDD2000FEFC1 /* NewActivity.swift in Sources */,
			);
			runOnlyForDeploymentPostprocessing = 0;
		};
/* End PBXSourcesBuildPhase section */

/* Begin XCBuildConfiguration section */
		4193B4192698D630000FEFC1 /* Debug */ = {
			isa = XCBuildConfiguration;
			buildSettings = {
				ALWAYS_SEARCH_USER_PATHS = NO;
				CLANG_ANALYZER_NONNULL = YES;
				CLANG_ANALYZER_NUMBER_OBJECT_CONVERSION = YES_AGGRESSIVE;
				CLANG_CXX_LANGUAGE_STANDARD = "gnu++14";
				CLANG_CXX_LIBRARY = "libc++";
				CLANG_ENABLE_MODULES = YES;
				CLANG_ENABLE_OBJC_ARC = YES;
				CLANG_ENABLE_OBJC_WEAK = YES;
				CLANG_WARN_BLOCK_CAPTURE_AUTORELEASING = YES;
				CLANG_WARN_BOOL_CONVERSION = YES;
				CLANG_WARN_COMMA = YES;
				CLANG_WARN_CONSTANT_CONVERSION = YES;
				CLANG_WARN_DEPRECATED_OBJC_IMPLEMENTATIONS = YES;
				CLANG_WARN_DIRECT_OBJC_ISA_USAGE = YES_ERROR;
				CLANG_WARN_DOCUMENTATION_COMMENTS = YES;
				CLANG_WARN_EMPTY_BODY = YES;
				CLANG_WARN_ENUM_CONVERSION = YES;
				CLANG_WARN_INFINITE_RECURSION = YES;
				CLANG_WARN_INT_CONVERSION = YES;
				CLANG_WARN_NON_LITERAL_NULL_CONVERSION = YES;
				CLANG_WARN_OBJC_IMPLICIT_RETAIN_SELF = YES;
				CLANG_WARN_OBJC_LITERAL_CONVERSION = YES;
				CLANG_WARN_OBJC_ROOT_CLASS = YES_ERROR;
				CLANG_WARN_QUOTED_INCLUDE_IN_FRAMEWORK_HEADER = YES;
				CLANG_WARN_RANGE_LOOP_ANALYSIS = YES;
				CLANG_WARN_STRICT_PROTOTYPES = YES;
				CLANG_WARN_SUSPICIOUS_MOVE = YES;
				CLANG_WARN_UNGUARDED_AVAILABILITY = YES_AGGRESSIVE;
				CLANG_WARN_UNREACHABLE_CODE = YES;
				CLANG_WARN__DUPLICATE_METHOD_MATCH = YES;
				COPY_PHASE_STRIP = NO;
				DEBUG_INFORMATION_FORMAT = dwarf;
				ENABLE_STRICT_OBJC_MSGSEND = YES;
				ENABLE_TESTABILITY = YES;
				GCC_C_LANGUAGE_STANDARD = gnu11;
				GCC_DYNAMIC_NO_PIC = NO;
				GCC_NO_COMMON_BLOCKS = YES;
				GCC_OPTIMIZATION_LEVEL = 0;
				GCC_PREPROCESSOR_DEFINITIONS = (
					"DEBUG=1",
					"$(inherited)",
				);
				GCC_WARN_64_TO_32_BIT_CONVERSION = YES;
				GCC_WARN_ABOUT_RETURN_TYPE = YES_ERROR;
				GCC_WARN_UNDECLARED_SELECTOR = YES;
				GCC_WARN_UNINITIALIZED_AUTOS = YES_AGGRESSIVE;
				GCC_WARN_UNUSED_FUNCTION = YES;
				GCC_WARN_UNUSED_VARIABLE = YES;
				IPHONEOS_DEPLOYMENT_TARGET = 14.5;
				MTL_ENABLE_DEBUG_INFO = INCLUDE_SOURCE;
				MTL_FAST_MATH = YES;
				ONLY_ACTIVE_ARCH = YES;
				SDKROOT = iphoneos;
				SWIFT_ACTIVE_COMPILATION_CONDITIONS = DEBUG;
				SWIFT_OPTIMIZATION_LEVEL = "-Onone";
			};
			name = Debug;
		};
		4193B41A2698D630000FEFC1 /* Release */ = {
			isa = XCBuildConfiguration;
			buildSettings = {
				ALWAYS_SEARCH_USER_PATHS = NO;
				CLANG_ANALYZER_NONNULL = YES;
				CLANG_ANALYZER_NUMBER_OBJECT_CONVERSION = YES_AGGRESSIVE;
				CLANG_CXX_LANGUAGE_STANDARD = "gnu++14";
				CLANG_CXX_LIBRARY = "libc++";
				CLANG_ENABLE_MODULES = YES;
				CLANG_ENABLE_OBJC_ARC = YES;
				CLANG_ENABLE_OBJC_WEAK = YES;
				CLANG_WARN_BLOCK_CAPTURE_AUTORELEASING = YES;
				CLANG_WARN_BOOL_CONVERSION = YES;
				CLANG_WARN_COMMA = YES;
				CLANG_WARN_CONSTANT_CONVERSION = YES;
				CLANG_WARN_DEPRECATED_OBJC_IMPLEMENTATIONS = YES;
				CLANG_WARN_DIRECT_OBJC_ISA_USAGE = YES_ERROR;
				CLANG_WARN_DOCUMENTATION_COMMENTS = YES;
				CLANG_WARN_EMPTY_BODY = YES;
				CLANG_WARN_ENUM_CONVERSION = YES;
				CLANG_WARN_INFINITE_RECURSION = YES;
				CLANG_WARN_INT_CONVERSION = YES;
				CLANG_WARN_NON_LITERAL_NULL_CONVERSION = YES;
				CLANG_WARN_OBJC_IMPLICIT_RETAIN_SELF = YES;
				CLANG_WARN_OBJC_LITERAL_CONVERSION = YES;
				CLANG_WARN_OBJC_ROOT_CLASS = YES_ERROR;
				CLANG_WARN_QUOTED_INCLUDE_IN_FRAMEWORK_HEADER = YES;
				CLANG_WARN_RANGE_LOOP_ANALYSIS = YES;
				CLANG_WARN_STRICT_PROTOTYPES = YES;
				CLANG_WARN_SUSPICIOUS_MOVE = YES;
				CLANG_WARN_UNGUARDED_AVAILABILITY = YES_AGGRESSIVE;
				CLANG_WARN_UNREACHABLE_CODE = YES;
				CLANG_WARN__DUPLICATE_METHOD_MATCH = YES;
				COPY_PHASE_STRIP = NO;
				DEBUG_INFORMATION_FORMAT = "dwarf-with-dsym";
				ENABLE_NS_ASSERTIONS = NO;
				ENABLE_STRICT_OBJC_MSGSEND = YES;
				GCC_C_LANGUAGE_STANDARD = gnu11;
				GCC_NO_COMMON_BLOCKS = YES;
				GCC_WARN_64_TO_32_BIT_CONVERSION = YES;
				GCC_WARN_ABOUT_RETURN_TYPE = YES_ERROR;
				GCC_WARN_UNDECLARED_SELECTOR = YES;
				GCC_WARN_UNINITIALIZED_AUTOS = YES_AGGRESSIVE;
				GCC_WARN_UNUSED_FUNCTION = YES;
				GCC_WARN_UNUSED_VARIABLE = YES;
				IPHONEOS_DEPLOYMENT_TARGET = 14.5;
				MTL_ENABLE_DEBUG_INFO = NO;
				MTL_FAST_MATH = YES;
				SDKROOT = iphoneos;
				SWIFT_COMPILATION_MODE = wholemodule;
				SWIFT_OPTIMIZATION_LEVEL = "-O";
				VALIDATE_PRODUCT = YES;
			};
			name = Release;
		};
		4193B41C2698D630000FEFC1 /* Debug */ = {
			isa = XCBuildConfiguration;
			buildSettings = {
				ASSETCATALOG_COMPILER_APPICON_NAME = AppIcon;
				ASSETCATALOG_COMPILER_GLOBAL_ACCENT_COLOR_NAME = AccentColor;
				CODE_SIGN_STYLE = Automatic;
				DEVELOPMENT_ASSET_PATHS = "\"HabitTrack/Preview Content\"";
				DEVELOPMENT_TEAM = CX384TT6P4;
				ENABLE_PREVIEWS = YES;
				INFOPLIST_FILE = HabitTrack/Info.plist;
				IPHONEOS_DEPLOYMENT_TARGET = 14.0;
				LD_RUNPATH_SEARCH_PATHS = (
					"$(inherited)",
					"@executable_path/Frameworks",
				);
				PRODUCT_BUNDLE_IDENTIFIER = AndresMarquez.HabitTrack;
				PRODUCT_NAME = "$(TARGET_NAME)";
				SWIFT_VERSION = 5.0;
				TARGETED_DEVICE_FAMILY = "1,2";
			};
			name = Debug;
		};
		4193B41D2698D630000FEFC1 /* Release */ = {
			isa = XCBuildConfiguration;
			buildSettings = {
				ASSETCATALOG_COMPILER_APPICON_NAME = AppIcon;
				ASSETCATALOG_COMPILER_GLOBAL_ACCENT_COLOR_NAME = AccentColor;
				CODE_SIGN_STYLE = Automatic;
				DEVELOPMENT_ASSET_PATHS = "\"HabitTrack/Preview Content\"";
				DEVELOPMENT_TEAM = CX384TT6P4;
				ENABLE_PREVIEWS = YES;
				INFOPLIST_FILE = HabitTrack/Info.plist;
				IPHONEOS_DEPLOYMENT_TARGET = 14.0;
				LD_RUNPATH_SEARCH_PATHS = (
					"$(inherited)",
					"@executable_path/Frameworks",
				);
				PRODUCT_BUNDLE_IDENTIFIER = AndresMarquez.HabitTrack;
				PRODUCT_NAME = "$(TARGET_NAME)";
				SWIFT_VERSION = 5.0;
				TARGETED_DEVICE_FAMILY = "1,2";
			};
			name = Release;
		};
/* End XCBuildConfiguration section */

/* Begin XCConfigurationList section */
		4193B4072698D62F000FEFC1 /* Build configuration list for PBXProject "HabitTrack" */ = {
			isa = XCConfigurationList;
			buildConfigurations = (
				4193B4192698D630000FEFC1 /* Debug */,
				4193B41A2698D630000FEFC1 /* Release */,
			);
			defaultConfigurationIsVisible = 0;
			defaultConfigurationName = Release;
		};
		4193B41B2698D630000FEFC1 /* Build configuration list for PBXNativeTarget "HabitTrack" */ = {
			isa = XCConfigurationList;
			buildConfigurations = (
				4193B41C2698D630000FEFC1 /* Debug */,
				4193B41D2698D630000FEFC1 /* Release */,
			);
			defaultConfigurationIsVisible = 0;
			defaultConfigurationName = Release;
		};
/* End XCConfigurationList section */
	};
	rootObject = 4193B4042698D62F000FEFC1 /* Project object */;
}
